
Microsoft Visual Studio Solution File, Format Version 12.00
# Visual Studio Version 16
VisualStudioVersion = 16.0.29613.14
MinimumVisualStudioVersion = 10.0.40219.1
Project("{FAE04EC0-301F-11D3-BF4B-00C04F79EFBC}") = "BlazorTreeView", "BlazorTreeView\BlazorTreeView.csproj", "{51EE727C-0105-4AF5-836A-707836821EA6}"
EndProject
Global
	GlobalSection(SolutionConfigurationPlatforms) = preSolution
		Debug|Any CPU = Debug|Any CPU
		Release|Any CPU = Release|Any CPU
	EndGlobalSection
	GlobalSection(ProjectConfigurationPlatforms) = postSolution
		{51EE727C-0105-4AF5-836A-707836821EA6}.Debug|Any CPU.ActiveCfg = Debug|Any CPU
		{51EE727C-0105-4AF5-836A-707836821EA6}.Debug|Any CPU.Build.0 = Debug|Any CPU
		{51EE727C-0105-4AF5-836A-707836821EA6}.Release|Any CPU.ActiveCfg = Release|Any CPU
		{51EE727C-0105-4AF5-836A-707836821EA6}.Release|Any CPU.Build.0 = Release|Any CPU
	EndGlobalSection
	GlobalSection(SolutionProperties) = preSolution
		HideSolutionNode = FALSE
	EndGlobalSection
	GlobalSection(ExtensibilityGlobals) = postSolution
		SolutionGuid = {E82A415B-270B-4035-925E-5E4A131CF02F}
	EndGlobalSection
EndGlobal
